{
  "requires": true,
  "lockfileVersion": 1,
  "dependencies": {
    "sal.js": {
      "version": "0.8.5",
      "resolved": "https://registry.npmjs.org/sal.js/-/sal.js-0.8.5.tgz",
      "integrity": "sha512-KUb3fNrVZ1oWxxkEAfQfQ4Mrd910yboIRHqsvioBkulQInqMVeSMah+J5f7ch7KXFLicKlAaE0TzTsG/eJ02Dg=="
    }
  }
}
